
Microsoft Visual Studio Solution File, Format Version 12.00
# Visual Studio Version 17
VisualStudioVersion = 17.1.32319.34
MinimumVisualStudioVersion = 10.0.40219.1
Project("{9A19103F-16F7-4668-BE54-9A1E7A4F7556}") = "HyperJet", "HyperJet\HyperJet.csproj", "{48B30CB6-4E45-4B7C-9672-063B4BCCA88D}"
EndProject
Project("{9A19103F-16F7-4668-BE54-9A1E7A4F7556}") = "HyperJet.Tests", "HyperJet.Tests\HyperJet.Tests.csproj", "{19C90DAC-23EA-4A8B-9E53-0CFD3D490CBC}"
EndProject
Global
	GlobalSection(SolutionConfigurationPlatforms) = preSolution
		Debug|Any CPU = Debug|Any CPU
		Release|Any CPU = Release|Any CPU
	EndGlobalSection
	GlobalSection(ProjectConfigurationPlatforms) = postSolution
		{48B30CB6-4E45-4B7C-9672-063B4BCCA88D}.Debug|Any CPU.ActiveCfg = Debug|Any CPU
		{48B30CB6-4E45-4B7C-9672-063B4BCCA88D}.Debug|Any CPU.Build.0 = Debug|Any CPU
		{48B30CB6-4E45-4B7C-9672-063B4BCCA88D}.Release|Any CPU.ActiveCfg = Release|Any CPU
		{48B30CB6-4E45-4B7C-9672-063B4BCCA88D}.Release|Any CPU.Build.0 = Release|Any CPU
		{19C90DAC-23EA-4A8B-9E53-0CFD3D490CBC}.Debug|Any CPU.ActiveCfg = Debug|Any CPU
		{19C90DAC-23EA-4A8B-9E53-0CFD3D490CBC}.Debug|Any CPU.Build.0 = Debug|Any CPU
		{19C90DAC-23EA-4A8B-9E53-0CFD3D490CBC}.Release|Any CPU.ActiveCfg = Release|Any CPU
		{19C90DAC-23EA-4A8B-9E53-0CFD3D490CBC}.Release|Any CPU.Build.0 = Release|Any CPU
	EndGlobalSection
	GlobalSection(SolutionProperties) = preSolution
		HideSolutionNode = FALSE
	EndGlobalSection
	GlobalSection(ExtensibilityGlobals) = postSolution
		SolutionGuid = {790DC623-4639-48F7-89DA-DC2BE37A6062}
	EndGlobalSection
EndGlobal
